
Microsoft Visual Studio Solution File, Format Version 12.00
# Visual Studio Version 17
VisualStudioVersion = 17.3.32901.215
MinimumVisualStudioVersion = 10.0.40219.1
Project("{FAE04EC0-301F-11D3-BF4B-00C04F79EFBC}") = "Praktika_Lichni_dnevnik", "Praktika_Lichni_dnevnik\Praktika_Lichni_dnevnik.csproj", "{56DBFDBB-A28D-41CA-878F-3B69B627ED88}"
EndProject
Global
	GlobalSection(SolutionConfigurationPlatforms) = preSolution
		Debug|Any CPU = Debug|Any CPU
		Release|Any CPU = Release|Any CPU
	EndGlobalSection
	GlobalSection(ProjectConfigurationPlatforms) = postSolution
		{56DBFDBB-A28D-41CA-878F-3B69B627ED88}.Debug|Any CPU.ActiveCfg = Debug|Any CPU
		{56DBFDBB-A28D-41CA-878F-3B69B627ED88}.Debug|Any CPU.Build.0 = Debug|Any CPU
		{56DBFDBB-A28D-41CA-878F-3B69B627ED88}.Release|Any CPU.ActiveCfg = Release|Any CPU
		{56DBFDBB-A28D-41CA-878F-3B69B627ED88}.Release|Any CPU.Build.0 = Release|Any CPU
	EndGlobalSection
	GlobalSection(SolutionProperties) = preSolution
		HideSolutionNode = FALSE
	EndGlobalSection
	GlobalSection(ExtensibilityGlobals) = postSolution
		SolutionGuid = {13EF27EC-FC62-4F0B-882D-B9B0F3B57820}
	EndGlobalSection
EndGlobal
